// !$*UTF8*$!
{
	archiveVersion = 1;
	classes = {
	};
	objectVersion = 50;
	objects = {

/* Begin PBXBuildFile section */
		767219B72289AB7800139232 /* TextClassifier.mlmodel in Sources */ = {isa = PBXBuildFile; fileRef = 767219B62289AB7800139232 /* TextClassifier.mlmodel */; };
		76A9754522881346004BB88F /* AppDelegate.swift in Sources */ = {isa = PBXBuildFile; fileRef = 76A9754422881346004BB88F /* AppDelegate.swift */; };
		76A9754A22881346004BB88F /* Main.storyboard in Resources */ = {isa = PBXBuildFile; fileRef = 76A9754822881346004BB88F /* Main.storyboard */; };
		76A9754C22881349004BB88F /* Assets.xcassets in Resources */ = {isa = PBXBuildFile; fileRef = 76A9754B22881349004BB88F /* Assets.xcassets */; };
		76A9754F22881349004BB88F /* LaunchScreen.storyboard in Resources */ = {isa = PBXBuildFile; fileRef = 76A9754D22881349004BB88F /* LaunchScreen.storyboard */; };
		76A975572288136C004BB88F /* NewsClassifierTest.swift in Sources */ = {isa = PBXBuildFile; fileRef = 76A975562288136C004BB88F /* NewsClassifierTest.swift */; };
		76A9755B22881A24004BB88F /* NewsAppViewController.swift in Sources */ = {isa = PBXBuildFile; fileRef = 76A9755A22881A24004BB88F /* NewsAppViewController.swift */; };
/* End PBXBuildFile section */

/* Begin PBXFileReference section */
		767219B62289AB7800139232 /* TextClassifier.mlmodel */ = {isa = PBXFileReference; lastKnownFileType = file.mlmodel; path = TextClassifier.mlmodel; sourceTree = "<group>"; };
		76A9754122881346004BB88F /* TextClassifierTest.app */ = {isa = PBXFileReference; explicitFileType = wrapper.application; includeInIndex = 0; path = TextClassifierTest.app; sourceTree = BUILT_PRODUCTS_DIR; };
		76A9754422881346004BB88F /* AppDelegate.swift */ = {isa = PBXFileReference; lastKnownFileType = sourcecode.swift; path = AppDelegate.swift; sourceTree = "<group>"; };
		76A9754922881346004BB88F /* Base */ = {isa = PBXFileReference; lastKnownFileType = file.storyboard; name = Base; path = Base.lproj/Main.storyboard; sourceTree = "<group>"; };
		76A9754B22881349004BB88F /* Assets.xcassets */ = {isa = PBXFileReference; lastKnownFileType = folder.assetcatalog; path = Assets.xcassets; sourceTree = "<group>"; };
		76A9754E22881349004BB88F /* Base */ = {isa = PBXFileReference; lastKnownFileType = file.storyboard; name = Base; path = Base.lproj/LaunchScreen.storyboard; sourceTree = "<group>"; };
		76A9755022881349004BB88F /* Info.plist */ = {isa = PBXFileReference; lastKnownFileType = text.plist.xml; path = Info.plist; sourceTree = "<group>"; };
		76A975562288136C004BB88F /* NewsClassifierTest.swift */ = {isa = PBXFileReference; lastKnownFileType = sourcecode.swift; path = NewsClassifierTest.swift; sourceTree = "<group>"; };
		76A9755A22881A24004BB88F /* NewsAppViewController.swift */ = {isa = PBXFileReference; lastKnownFileType = sourcecode.swift; path = NewsAppViewController.swift; sourceTree = "<group>"; };
/* End PBXFileReference section */

/* Begin PBXFrameworksBuildPhase section */
		76A9753E22881346004BB88F /* Frameworks */ = {
			isa = PBXFrameworksBuildPhase;
			buildActionMask = 2147483647;
			files = (
			);
			runOnlyForDeploymentPostprocessing = 0;
		};
/* End PBXFrameworksBuildPhase section */

/* Begin PBXGroup section */
		76A9753822881346004BB88F = {
			isa = PBXGroup;
			children = (
				76A9754322881346004BB88F /* TextClassifierTest */,
				76A9754222881346004BB88F /* Products */,
			);
			sourceTree = "<group>";
		};
		76A9754222881346004BB88F /* Products */ = {
			isa = PBXGroup;
			children = (
				76A9754122881346004BB88F /* TextClassifierTest.app */,
			);
			name = Products;
			sourceTree = "<group>";
		};
		76A9754322881346004BB88F /* TextClassifierTest */ = {
			isa = PBXGroup;
			children = (
				76A9754422881346004BB88F /* AppDelegate.swift */,
				76A975562288136C004BB88F /* NewsClassifierTest.swift */,
				76A9755A22881A24004BB88F /* NewsAppViewController.swift */,
				767219B62289AB7800139232 /* TextClassifier.mlmodel */,
				76A9754822881346004BB88F /* Main.storyboard */,
				76A9754B22881349004BB88F /* Assets.xcassets */,
				76A9754D22881349004BB88F /* LaunchScreen.storyboard */,
				76A9755022881349004BB88F /* Info.plist */,
			);
			path = TextClassifierTest;
			sourceTree = "<group>";
		};
/* End PBXGroup section */

/* Begin PBXNativeTarget section */
		76A9754022881346004BB88F /* TextClassifierTest */ = {
			isa = PBXNativeTarget;
			buildConfigurationList = 76A9755322881349004BB88F /* Build configuration list for PBXNativeTarget "TextClassifierTest" */;
			buildPhases = (
				76A9753D22881346004BB88F /* Sources */,
				76A9753E22881346004BB88F /* Frameworks */,
				76A9753F22881346004BB88F /* Resources */,
			);
			buildRules = (
			);
			dependencies = (
			);
			name = TextClassifierTest;
			productName = TextClassifierTest;
			productReference = 76A9754122881346004BB88F /* TextClassifierTest.app */;
			productType = "com.apple.product-type.application";
		};
/* End PBXNativeTarget section */

/* Begin PBXProject section */
		76A9753922881346004BB88F /* Project object */ = {
			isa = PBXProject;
			attributes = {
				LastSwiftUpdateCheck = 1010;
				LastUpgradeCheck = 1010;
				ORGANIZATIONNAME = Souley;
				TargetAttributes = {
					76A9754022881346004BB88F = {
						CreatedOnToolsVersion = 10.1;
					};
				};
			};
			buildConfigurationList = 76A9753C22881346004BB88F /* Build configuration list for PBXProject "TextClassifierTest" */;
			compatibilityVersion = "Xcode 9.3";
			developmentRegion = en;
			hasScannedForEncodings = 0;
			knownRegions = (
				en,
				Base,
			);
			mainGroup = 76A9753822881346004BB88F;
			productRefGroup = 76A9754222881346004BB88F /* Products */;
			projectDirPath = "";
			projectRoot = "";
			targets = (
				76A9754022881346004BB88F /* TextClassifierTest */,
			);
		};
/* End PBXProject section */

/* Begin PBXResourcesBuildPhase section */
		76A9753F22881346004BB88F /* Resources */ = {
			isa = PBXResourcesBuildPhase;
			buildActionMask = 2147483647;
			files = (
				76A9754F22881349004BB88F /* LaunchScreen.storyboard in Resources */,
				76A9754C22881349004BB88F /* Assets.xcassets in Resources */,
				76A9754A22881346004BB88F /* Main.storyboard in Resources */,
			);
			runOnlyForDeploymentPostprocessing = 0;
		};
/* End PBXResourcesBuildPhase section */

/* Begin PBXSourcesBuildPhase section */
		76A9753D22881346004BB88F /* Sources */ = {
			isa = PBXSourcesBuildPhase;
			buildActionMask = 2147483647;
			files = (
				767219B72289AB7800139232 /* TextClassifier.mlmodel in Sources */,
				76A975572288136C004BB88F /* NewsClassifierTest.swift in Sources */,
				76A9754522881346004BB88F /* AppDelegate.swift in Sources */,
				76A9755B22881A24004BB88F /* NewsAppViewController.swift in Sources */,
			);
			runOnlyForDeploymentPostprocessing = 0;
		};
/* End PBXSourcesBuildPhase section */

/* Begin PBXVariantGroup section */
		76A9754822881346004BB88F /* Main.storyboard */ = {
			isa = PBXVariantGroup;
			children = (
				76A9754922881346004BB88F /* Base */,
			);
			name = Main.storyboard;
			sourceTree = "<group>";
		};
		76A9754D22881349004BB88F /* LaunchScreen.storyboard */ = {
			isa = PBXVariantGroup;
			children = (
				76A9754E22881349004BB88F /* Base */,
			);
			name = LaunchScreen.storyboard;
			sourceTree = "<group>";
		};
/* End PBXVariantGroup section */

/* Begin XCBuildConfiguration section */
		76A9755122881349004BB88F /* Debug */ = {
			isa = XCBuildConfiguration;
			buildSettings = {
				ALWAYS_SEARCH_USER_PATHS = NO;
				CLANG_ANALYZER_NONNULL = YES;
				CLANG_ANALYZER_NUMBER_OBJECT_CONVERSION = YES_AGGRESSIVE;
				CLANG_CXX_LANGUAGE_STANDARD = "gnu++14";
				CLANG_CXX_LIBRARY = "libc++";
				CLANG_ENABLE_MODULES = YES;
				CLANG_ENABLE_OBJC_ARC = YES;
				CLANG_ENABLE_OBJC_WEAK = YES;
				CLANG_WARN_BLOCK_CAPTURE_AUTORELEASING = YES;
				CLANG_WARN_BOOL_CONVERSION = YES;
				CLANG_WARN_COMMA = YES;
				CLANG_WARN_CONSTANT_CONVERSION = YES;
				CLANG_WARN_DEPRECATED_OBJC_IMPLEMENTATIONS = YES;
				CLANG_WARN_DIRECT_OBJC_ISA_USAGE = YES_ERROR;
				CLANG_WARN_DOCUMENTATION_COMMENTS = YES;
				CLANG_WARN_EMPTY_BODY = YES;
				CLANG_WARN_ENUM_CONVERSION = YES;
				CLANG_WARN_INFINITE_RECURSION = YES;
				CLANG_WARN_INT_CONVERSION = YES;
				CLANG_WARN_NON_LITERAL_NULL_CONVERSION = YES;
				CLANG_WARN_OBJC_IMPLICIT_RETAIN_SELF = YES;
				CLANG_WARN_OBJC_LITERAL_CONVERSION = YES;
				CLANG_WARN_OBJC_ROOT_CLASS = YES_ERROR;
				CLANG_WARN_RANGE_LOOP_ANALYSIS = YES;
				CLANG_WARN_STRICT_PROTOTYPES = YES;
				CLANG_WARN_SUSPICIOUS_MOVE = YES;
				CLANG_WARN_UNGUARDED_AVAILABILITY = YES_AGGRESSIVE;
				CLANG_WARN_UNREACHABLE_CODE = YES;
				CLANG_WARN__DUPLICATE_METHOD_MATCH = YES;
				CODE_SIGN_IDENTITY = "iPhone Developer";
				COPY_PHASE_STRIP = NO;
				DEBUG_INFORMATION_FORMAT = dwarf;
				ENABLE_STRICT_OBJC_MSGSEND = YES;
				ENABLE_TESTABILITY = YES;
				GCC_C_LANGUAGE_STANDARD = gnu11;
				GCC_DYNAMIC_NO_PIC = NO;
				GCC_NO_COMMON_BLOCKS = YES;
				GCC_OPTIMIZATION_LEVEL = 0;
				GCC_PREPROCESSOR_DEFINITIONS = (
					"DEBUG=1",
					"$(inherited)",
				);
				GCC_WARN_64_TO_32_BIT_CONVERSION = YES;
				GCC_WARN_ABOUT_RETURN_TYPE = YES_ERROR;
				GCC_WARN_UNDECLARED_SELECTOR = YES;
				GCC_WARN_UNINITIALIZED_AUTOS = YES_AGGRESSIVE;
				GCC_WARN_UNUSED_FUNCTION = YES;
				GCC_WARN_UNUSED_VARIABLE = YES;
				IPHONEOS_DEPLOYMENT_TARGET = 12.1;
				MTL_ENABLE_DEBUG_INFO = INCLUDE_SOURCE;
				MTL_FAST_MATH = YES;
				ONLY_ACTIVE_ARCH = YES;
				SDKROOT = iphoneos;
				SWIFT_ACTIVE_COMPILATION_CONDITIONS = DEBUG;
				SWIFT_OPTIMIZATION_LEVEL = "-Onone";
			};
			name = Debug;
		};
		76A9755222881349004BB88F /* Release */ = {
			isa = XCBuildConfiguration;
			buildSettings = {
				ALWAYS_SEARCH_USER_PATHS = NO;
				CLANG_ANALYZER_NONNULL = YES;
				CLANG_ANALYZER_NUMBER_OBJECT_CONVERSION = YES_AGGRESSIVE;
				CLANG_CXX_LANGUAGE_STANDARD = "gnu++14";
				CLANG_CXX_LIBRARY = "libc++";
				CLANG_ENABLE_MODULES = YES;
				CLANG_ENABLE_OBJC_ARC = YES;
				CLANG_ENABLE_OBJC_WEAK = YES;
				CLANG_WARN_BLOCK_CAPTURE_AUTORELEASING = YES;
				CLANG_WARN_BOOL_CONVERSION = YES;
				CLANG_WARN_COMMA = YES;
				CLANG_WARN_CONSTANT_CONVERSION = YES;
				CLANG_WARN_DEPRECATED_OBJC_IMPLEMENTATIONS = YES;
				CLANG_WARN_DIRECT_OBJC_ISA_USAGE = YES_ERROR;
				CLANG_WARN_DOCUMENTATION_COMMENTS = YES;
				CLANG_WARN_EMPTY_BODY = YES;
				CLANG_WARN_ENUM_CONVERSION = YES;
				CLANG_WARN_INFINITE_RECURSION = YES;
				CLANG_WARN_INT_CONVERSION = YES;
				CLANG_WARN_NON_LITERAL_NULL_CONVERSION = YES;
				CLANG_WARN_OBJC_IMPLICIT_RETAIN_SELF = YES;
				CLANG_WARN_OBJC_LITERAL_CONVERSION = YES;
				CLANG_WARN_OBJC_ROOT_CLASS = YES_ERROR;
				CLANG_WARN_RANGE_LOOP_ANALYSIS = YES;
				CLANG_WARN_STRICT_PROTOTYPES = YES;
				CLANG_WARN_SUSPICIOUS_MOVE = YES;
				CLANG_WARN_UNGUARDED_AVAILABILITY = YES_AGGRESSIVE;
				CLANG_WARN_UNREACHABLE_CODE = YES;
				CLANG_WARN__DUPLICATE_METHOD_MATCH = YES;
				CODE_SIGN_IDENTITY = "iPhone Developer";
				COPY_PHASE_STRIP = NO;
				DEBUG_INFORMATION_FORMAT = "dwarf-with-dsym";
				ENABLE_NS_ASSERTIONS = NO;
				ENABLE_STRICT_OBJC_MSGSEND = YES;
				GCC_C_LANGUAGE_STANDARD = gnu11;
				GCC_NO_COMMON_BLOCKS = YES;
				GCC_WARN_64_TO_32_BIT_CONVERSION = YES;
				GCC_WARN_ABOUT_RETURN_TYPE = YES_ERROR;
				GCC_WARN_UNDECLARED_SELECTOR = YES;
				GCC_WARN_UNINITIALIZED_AUTOS = YES_AGGRESSIVE;
				GCC_WARN_UNUSED_FUNCTION = YES;
				GCC_WARN_UNUSED_VARIABLE = YES;
				IPHONEOS_DEPLOYMENT_TARGET = 12.1;
				MTL_ENABLE_DEBUG_INFO = NO;
				MTL_FAST_MATH = YES;
				SDKROOT = iphoneos;
				SWIFT_COMPILATION_MODE = wholemodule;
				SWIFT_OPTIMIZATION_LEVEL = "-O";
				VALIDATE_PRODUCT = YES;
			};
			name = Release;
		};
		76A9755422881349004BB88F /* Debug */ = {
			isa = XCBuildConfiguration;
			buildSettings = {
				ASSETCATALOG_COMPILER_APPICON_NAME = AppIcon;
				CODE_SIGN_STYLE = Automatic;
				DEVELOPMENT_TEAM = UM6QCQ4JL7;
				INFOPLIST_FILE = TextClassifierTest/Info.plist;
				LD_RUNPATH_SEARCH_PATHS = (
					"$(inherited)",
					"@executable_path/Frameworks",
				);
				PRODUCT_BUNDLE_IDENTIFIER = "souley-wague.TextClassifierTest";
				PRODUCT_NAME = "$(TARGET_NAME)";
				SWIFT_VERSION = 4.2;
				TARGETED_DEVICE_FAMILY = "1,2";
			};
			name = Debug;
		};
		76A9755522881349004BB88F /* Release */ = {
			isa = XCBuildConfiguration;
			buildSettings = {
				ASSETCATALOG_COMPILER_APPICON_NAME = AppIcon;
				CODE_SIGN_STYLE = Automatic;
				DEVELOPMENT_TEAM = UM6QCQ4JL7;
				INFOPLIST_FILE = TextClassifierTest/Info.plist;
				LD_RUNPATH_SEARCH_PATHS = (
					"$(inherited)",
					"@executable_path/Frameworks",
				);
				PRODUCT_BUNDLE_IDENTIFIER = "souley-wague.TextClassifierTest";
				PRODUCT_NAME = "$(TARGET_NAME)";
				SWIFT_VERSION = 4.2;
				TARGETED_DEVICE_FAMILY = "1,2";
			};
			name = Release;
		};
/* End XCBuildConfiguration section */

/* Begin XCConfigurationList section */
		76A9753C22881346004BB88F /* Build configuration list for PBXProject "TextClassifierTest" */ = {
			isa = XCConfigurationList;
			buildConfigurations = (
				76A9755122881349004BB88F /* Debug */,
				76A9755222881349004BB88F /* Release */,
			);
			defaultConfigurationIsVisible = 0;
			defaultConfigurationName = Release;
		};
		76A9755322881349004BB88F /* Build configuration list for PBXNativeTarget "TextClassifierTest" */ = {
			isa = XCConfigurationList;
			buildConfigurations = (
				76A9755422881349004BB88F /* Debug */,
				76A9755522881349004BB88F /* Release */,
			);
			defaultConfigurationIsVisible = 0;
			defaultConfigurationName = Release;
		};
/* End XCConfigurationList section */
	};
	rootObject = 76A9753922881346004BB88F /* Project object */;
}
